
Microsoft Visual Studio Solution File, Format Version 12.00
# Visual Studio Version 17
VisualStudioVersion = 17.4.33205.214
MinimumVisualStudioVersion = 10.0.40219.1
Project("{9A19103F-16F7-4668-BE54-9A1E7A4F7556}") = "GildedRoseProblem.Tests", "GildedRoseProblem.Tests\GildedRoseProblem.Tests.csproj", "{2DCC3783-B30A-4BB6-9178-63DF270001A8}"
EndProject
Project("{9A19103F-16F7-4668-BE54-9A1E7A4F7556}") = "GildedRoseProblem.Core", "GildedRoseProblem.Core\GildedRoseProblem.Core.csproj", "{195306B9-4F68-4876-BA09-4822A6B6C784}"
EndProject
Project("{FAE04EC0-301F-11D3-BF4B-00C04F79EFBC}") = "StudentHelper.Core", "StudentHelper.Core\StudentHelper.Core.csproj", "{8E287DBC-E208-4BC0-84C7-3DE1EEC83E2E}"
EndProject
Project("{FAE04EC0-301F-11D3-BF4B-00C04F79EFBC}") = "Text", "Text\Text.csproj", "{DE9D168E-F3D7-497C-9FCC-28F9C94A93E4}"
EndProject
Global
	GlobalSection(SolutionConfigurationPlatforms) = preSolution
		Debug|Any CPU = Debug|Any CPU
		Release|Any CPU = Release|Any CPU
	EndGlobalSection
	GlobalSection(ProjectConfigurationPlatforms) = postSolution
		{2DCC3783-B30A-4BB6-9178-63DF270001A8}.Debug|Any CPU.ActiveCfg = Debug|Any CPU
		{2DCC3783-B30A-4BB6-9178-63DF270001A8}.Debug|Any CPU.Build.0 = Debug|Any CPU
		{2DCC3783-B30A-4BB6-9178-63DF270001A8}.Release|Any CPU.ActiveCfg = Release|Any CPU
		{2DCC3783-B30A-4BB6-9178-63DF270001A8}.Release|Any CPU.Build.0 = Release|Any CPU
		{195306B9-4F68-4876-BA09-4822A6B6C784}.Debug|Any CPU.ActiveCfg = Debug|Any CPU
		{195306B9-4F68-4876-BA09-4822A6B6C784}.Debug|Any CPU.Build.0 = Debug|Any CPU
		{195306B9-4F68-4876-BA09-4822A6B6C784}.Release|Any CPU.ActiveCfg = Release|Any CPU
		{195306B9-4F68-4876-BA09-4822A6B6C784}.Release|Any CPU.Build.0 = Release|Any CPU
		{8E287DBC-E208-4BC0-84C7-3DE1EEC83E2E}.Debug|Any CPU.ActiveCfg = Debug|Any CPU
		{8E287DBC-E208-4BC0-84C7-3DE1EEC83E2E}.Debug|Any CPU.Build.0 = Debug|Any CPU
		{8E287DBC-E208-4BC0-84C7-3DE1EEC83E2E}.Release|Any CPU.ActiveCfg = Release|Any CPU
		{8E287DBC-E208-4BC0-84C7-3DE1EEC83E2E}.Release|Any CPU.Build.0 = Release|Any CPU
		{DE9D168E-F3D7-497C-9FCC-28F9C94A93E4}.Debug|Any CPU.ActiveCfg = Debug|Any CPU
		{DE9D168E-F3D7-497C-9FCC-28F9C94A93E4}.Debug|Any CPU.Build.0 = Debug|Any CPU
		{DE9D168E-F3D7-497C-9FCC-28F9C94A93E4}.Release|Any CPU.ActiveCfg = Release|Any CPU
		{DE9D168E-F3D7-497C-9FCC-28F9C94A93E4}.Release|Any CPU.Build.0 = Release|Any CPU
	EndGlobalSection
	GlobalSection(SolutionProperties) = preSolution
		HideSolutionNode = FALSE
	EndGlobalSection
	GlobalSection(ExtensibilityGlobals) = postSolution
		SolutionGuid = {08171241-A1AB-4532-B0EC-7F4268A4AD15}
	EndGlobalSection
EndGlobal
